
Microsoft Visual Studio Solution File, Format Version 12.00
# Visual Studio 15
VisualStudioVersion = 15.0.28010.2046
MinimumVisualStudioVersion = 10.0.40219.1
Project("{FAE04EC0-301F-11D3-BF4B-00C04F79EFBC}") = "RushCodeExercise", "RushCodeExercise\RushCodeExercise.csproj", "{87E24CE7-097C-4931-94A8-41DBA45C5690}"
EndProject
Project("{FAE04EC0-301F-11D3-BF4B-00C04F79EFBC}") = "TestProject", "TestProject\TestProject.csproj", "{C1D9EADB-C41C-4A2A-9007-35BD60062C32}"
EndProject
Global
	GlobalSection(SolutionConfigurationPlatforms) = preSolution
		Debug|Any CPU = Debug|Any CPU
		Release|Any CPU = Release|Any CPU
	EndGlobalSection
	GlobalSection(ProjectConfigurationPlatforms) = postSolution
		{87E24CE7-097C-4931-94A8-41DBA45C5690}.Debug|Any CPU.ActiveCfg = Debug|Any CPU
		{87E24CE7-097C-4931-94A8-41DBA45C5690}.Debug|Any CPU.Build.0 = Debug|Any CPU
		{87E24CE7-097C-4931-94A8-41DBA45C5690}.Release|Any CPU.ActiveCfg = Release|Any CPU
		{87E24CE7-097C-4931-94A8-41DBA45C5690}.Release|Any CPU.Build.0 = Release|Any CPU
		{C1D9EADB-C41C-4A2A-9007-35BD60062C32}.Debug|Any CPU.ActiveCfg = Debug|Any CPU
		{C1D9EADB-C41C-4A2A-9007-35BD60062C32}.Debug|Any CPU.Build.0 = Debug|Any CPU
		{C1D9EADB-C41C-4A2A-9007-35BD60062C32}.Release|Any CPU.ActiveCfg = Release|Any CPU
		{C1D9EADB-C41C-4A2A-9007-35BD60062C32}.Release|Any CPU.Build.0 = Release|Any CPU
	EndGlobalSection
	GlobalSection(SolutionProperties) = preSolution
		HideSolutionNode = FALSE
	EndGlobalSection
	GlobalSection(ExtensibilityGlobals) = postSolution
		SolutionGuid = {7A392EAA-2F0C-4818-9B5B-29BB1D5ED8B4}
	EndGlobalSection
EndGlobal
